// !$*UTF8*$!
{
	archiveVersion = 1;
	classes = {
	};
	objectVersion = 46;
	objects = {

/* Begin PBXBuildFile section */
		B07C37951D937EBA00DAE562 /* main.m in Sources */ = {isa = PBXBuildFile; fileRef = B07C37941D937EBA00DAE562 /* main.m */; };
		B07C37981D937EBA00DAE562 /* AppDelegate.m in Sources */ = {isa = PBXBuildFile; fileRef = B07C37971D937EBA00DAE562 /* AppDelegate.m */; };
		B07C379B1D937EBA00DAE562 /* ViewController.m in Sources */ = {isa = PBXBuildFile; fileRef = B07C379A1D937EBA00DAE562 /* ViewController.m */; };
		B07C379E1D937EBA00DAE562 /* Main.storyboard in Resources */ = {isa = PBXBuildFile; fileRef = B07C379C1D937EBA00DAE562 /* Main.storyboard */; };
		B07C37A01D937EBA00DAE562 /* Assets.xcassets in Resources */ = {isa = PBXBuildFile; fileRef = B07C379F1D937EBA00DAE562 /* Assets.xcassets */; };
		B07C37A31D937EBA00DAE562 /* LaunchScreen.storyboard in Resources */ = {isa = PBXBuildFile; fileRef = B07C37A11D937EBA00DAE562 /* LaunchScreen.storyboard */; };
		B07C37AE1D937EBA00DAE562 /* Runtime_SafeTests.m in Sources */ = {isa = PBXBuildFile; fileRef = B07C37AD1D937EBA00DAE562 /* Runtime_SafeTests.m */; };
		B07C37B91D937EBA00DAE562 /* Runtime_SafeUITests.m in Sources */ = {isa = PBXBuildFile; fileRef = B07C37B81D937EBA00DAE562 /* Runtime_SafeUITests.m */; };
/* End PBXBuildFile section */

/* Begin PBXContainerItemProxy section */
		B07C37AA1D937EBA00DAE562 /* PBXContainerItemProxy */ = {
			isa = PBXContainerItemProxy;
			containerPortal = B07C37881D937EBA00DAE562 /* Project object */;
			proxyType = 1;
			remoteGlobalIDString = B07C378F1D937EBA00DAE562;
			remoteInfo = Runtime_Safe;
		};
		B07C37B51D937EBA00DAE562 /* PBXContainerItemProxy */ = {
			isa = PBXContainerItemProxy;
			containerPortal = B07C37881D937EBA00DAE562 /* Project object */;
			proxyType = 1;
			remoteGlobalIDString = B07C378F1D937EBA00DAE562;
			remoteInfo = Runtime_Safe;
		};
/* End PBXContainerItemProxy section */

/* Begin PBXFileReference section */
		B07C37901D937EBA00DAE562 /* Runtime_Safe.app */ = {isa = PBXFileReference; explicitFileType = wrapper.application; includeInIndex = 0; path = Runtime_Safe.app; sourceTree = BUILT_PRODUCTS_DIR; };
		B07C37941D937EBA00DAE562 /* main.m */ = {isa = PBXFileReference; lastKnownFileType = sourcecode.c.objc; path = main.m; sourceTree = "<group>"; };
		B07C37961D937EBA00DAE562 /* AppDelegate.h */ = {isa = PBXFileReference; lastKnownFileType = sourcecode.c.h; path = AppDelegate.h; sourceTree = "<group>"; };
		B07C37971D937EBA00DAE562 /* AppDelegate.m */ = {isa = PBXFileReference; lastKnownFileType = sourcecode.c.objc; path = AppDelegate.m; sourceTree = "<group>"; };
		B07C37991D937EBA00DAE562 /* ViewController.h */ = {isa = PBXFileReference; lastKnownFileType = sourcecode.c.h; path = ViewController.h; sourceTree = "<group>"; };
		B07C379A1D937EBA00DAE562 /* ViewController.m */ = {isa = PBXFileReference; lastKnownFileType = sourcecode.c.objc; path = ViewController.m; sourceTree = "<group>"; };
		B07C379D1D937EBA00DAE562 /* Base */ = {isa = PBXFileReference; lastKnownFileType = file.storyboard; name = Base; path = Base.lproj/Main.storyboard; sourceTree = "<group>"; };
		B07C379F1D937EBA00DAE562 /* Assets.xcassets */ = {isa = PBXFileReference; lastKnownFileType = folder.assetcatalog; path = Assets.xcassets; sourceTree = "<group>"; };
		B07C37A21D937EBA00DAE562 /* Base */ = {isa = PBXFileReference; lastKnownFileType = file.storyboard; name = Base; path = Base.lproj/LaunchScreen.storyboard; sourceTree = "<group>"; };
		B07C37A41D937EBA00DAE562 /* Info.plist */ = {isa = PBXFileReference; lastKnownFileType = text.plist.xml; path = Info.plist; sourceTree = "<group>"; };
		B07C37A91D937EBA00DAE562 /* Runtime_SafeTests.xctest */ = {isa = PBXFileReference; explicitFileType = wrapper.cfbundle; includeInIndex = 0; path = Runtime_SafeTests.xctest; sourceTree = BUILT_PRODUCTS_DIR; };
		B07C37AD1D937EBA00DAE562 /* Runtime_SafeTests.m */ = {isa = PBXFileReference; lastKnownFileType = sourcecode.c.objc; path = Runtime_SafeTests.m; sourceTree = "<group>"; };
		B07C37AF1D937EBA00DAE562 /* Info.plist */ = {isa = PBXFileReference; lastKnownFileType = text.plist.xml; path = Info.plist; sourceTree = "<group>"; };
		B07C37B41D937EBA00DAE562 /* Runtime_SafeUITests.xctest */ = {isa = PBXFileReference; explicitFileType = wrapper.cfbundle; includeInIndex = 0; path = Runtime_SafeUITests.xctest; sourceTree = BUILT_PRODUCTS_DIR; };
		B07C37B81D937EBA00DAE562 /* Runtime_SafeUITests.m */ = {isa = PBXFileReference; lastKnownFileType = sourcecode.c.objc; path = Runtime_SafeUITests.m; sourceTree = "<group>"; };
		B07C37BA1D937EBA00DAE562 /* Info.plist */ = {isa = PBXFileReference; lastKnownFileType = text.plist.xml; path = Info.plist; sourceTree = "<group>"; };
/* End PBXFileReference section */

/* Begin PBXFrameworksBuildPhase section */
		B07C378D1D937EBA00DAE562 /* Frameworks */ = {
			isa = PBXFrameworksBuildPhase;
			buildActionMask = 2147483647;
			files = (
			);
			runOnlyForDeploymentPostprocessing = 0;
		};
		B07C37A61D937EBA00DAE562 /* Frameworks */ = {
			isa = PBXFrameworksBuildPhase;
			buildActionMask = 2147483647;
			files = (
			);
			runOnlyForDeploymentPostprocessing = 0;
		};
		B07C37B11D937EBA00DAE562 /* Frameworks */ = {
			isa = PBXFrameworksBuildPhase;
			buildActionMask = 2147483647;
			files = (
			);
			runOnlyForDeploymentPostprocessing = 0;
		};
/* End PBXFrameworksBuildPhase section */

/* Begin PBXGroup section */
		B07C37871D937EBA00DAE562 = {
			isa = PBXGroup;
			children = (
				B07C37921D937EBA00DAE562 /* Runtime_Safe */,
				B07C37AC1D937EBA00DAE562 /* Runtime_SafeTests */,
				B07C37B71D937EBA00DAE562 /* Runtime_SafeUITests */,
				B07C37911D937EBA00DAE562 /* Products */,
			);
			sourceTree = "<group>";
		};
		B07C37911D937EBA00DAE562 /* Products */ = {
			isa = PBXGroup;
			children = (
				B07C37901D937EBA00DAE562 /* Runtime_Safe.app */,
				B07C37A91D937EBA00DAE562 /* Runtime_SafeTests.xctest */,
				B07C37B41D937EBA00DAE562 /* Runtime_SafeUITests.xctest */,
			);
			name = Products;
			sourceTree = "<group>";
		};
		B07C37921D937EBA00DAE562 /* Runtime_Safe */ = {
			isa = PBXGroup;
			children = (
				B07C37961D937EBA00DAE562 /* AppDelegate.h */,
				B07C37971D937EBA00DAE562 /* AppDelegate.m */,
				B07C37991D937EBA00DAE562 /* ViewController.h */,
				B07C379A1D937EBA00DAE562 /* ViewController.m */,
				B07C379C1D937EBA00DAE562 /* Main.storyboard */,
				B07C379F1D937EBA00DAE562 /* Assets.xcassets */,
				B07C37A11D937EBA00DAE562 /* LaunchScreen.storyboard */,
				B07C37A41D937EBA00DAE562 /* Info.plist */,
				B07C37931D937EBA00DAE562 /* Supporting Files */,
			);
			path = Runtime_Safe;
			sourceTree = "<group>";
		};
		B07C37931D937EBA00DAE562 /* Supporting Files */ = {
			isa = PBXGroup;
			children = (
				B07C37941D937EBA00DAE562 /* main.m */,
			);
			name = "Supporting Files";
			sourceTree = "<group>";
		};
		B07C37AC1D937EBA00DAE562 /* Runtime_SafeTests */ = {
			isa = PBXGroup;
			children = (
				B07C37AD1D937EBA00DAE562 /* Runtime_SafeTests.m */,
				B07C37AF1D937EBA00DAE562 /* Info.plist */,
			);
			path = Runtime_SafeTests;
			sourceTree = "<group>";
		};
		B07C37B71D937EBA00DAE562 /* Runtime_SafeUITests */ = {
			isa = PBXGroup;
			children = (
				B07C37B81D937EBA00DAE562 /* Runtime_SafeUITests.m */,
				B07C37BA1D937EBA00DAE562 /* Info.plist */,
			);
			path = Runtime_SafeUITests;
			sourceTree = "<group>";
		};
/* End PBXGroup section */

/* Begin PBXNativeTarget section */
		B07C378F1D937EBA00DAE562 /* Runtime_Safe */ = {
			isa = PBXNativeTarget;
			buildConfigurationList = B07C37BD1D937EBA00DAE562 /* Build configuration list for PBXNativeTarget "Runtime_Safe" */;
			buildPhases = (
				B07C378C1D937EBA00DAE562 /* Sources */,
				B07C378D1D937EBA00DAE562 /* Frameworks */,
				B07C378E1D937EBA00DAE562 /* Resources */,
			);
			buildRules = (
			);
			dependencies = (
			);
			name = Runtime_Safe;
			productName = Runtime_Safe;
			productReference = B07C37901D937EBA00DAE562 /* Runtime_Safe.app */;
			productType = "com.apple.product-type.application";
		};
		B07C37A81D937EBA00DAE562 /* Runtime_SafeTests */ = {
			isa = PBXNativeTarget;
			buildConfigurationList = B07C37C01D937EBA00DAE562 /* Build configuration list for PBXNativeTarget "Runtime_SafeTests" */;
			buildPhases = (
				B07C37A51D937EBA00DAE562 /* Sources */,
				B07C37A61D937EBA00DAE562 /* Frameworks */,
				B07C37A71D937EBA00DAE562 /* Resources */,
			);
			buildRules = (
			);
			dependencies = (
				B07C37AB1D937EBA00DAE562 /* PBXTargetDependency */,
			);
			name = Runtime_SafeTests;
			productName = Runtime_SafeTests;
			productReference = B07C37A91D937EBA00DAE562 /* Runtime_SafeTests.xctest */;
			productType = "com.apple.product-type.bundle.unit-test";
		};
		B07C37B31D937EBA00DAE562 /* Runtime_SafeUITests */ = {
			isa = PBXNativeTarget;
			buildConfigurationList = B07C37C31D937EBA00DAE562 /* Build configuration list for PBXNativeTarget "Runtime_SafeUITests" */;
			buildPhases = (
				B07C37B01D937EBA00DAE562 /* Sources */,
				B07C37B11D937EBA00DAE562 /* Frameworks */,
				B07C37B21D937EBA00DAE562 /* Resources */,
			);
			buildRules = (
			);
			dependencies = (
				B07C37B61D937EBA00DAE562 /* PBXTargetDependency */,
			);
			name = Runtime_SafeUITests;
			productName = Runtime_SafeUITests;
			productReference = B07C37B41D937EBA00DAE562 /* Runtime_SafeUITests.xctest */;
			productType = "com.apple.product-type.bundle.ui-testing";
		};
/* End PBXNativeTarget section */

/* Begin PBXProject section */
		B07C37881D937EBA00DAE562 /* Project object */ = {
			isa = PBXProject;
			attributes = {
				LastUpgradeCheck = 0800;
				ORGANIZATIONNAME = "马扬";
				TargetAttributes = {
					B07C378F1D937EBA00DAE562 = {
						CreatedOnToolsVersion = 8.0;
						DevelopmentTeam = M99GJD8799;
						ProvisioningStyle = Automatic;
					};
					B07C37A81D937EBA00DAE562 = {
						CreatedOnToolsVersion = 8.0;
						DevelopmentTeam = M99GJD8799;
						ProvisioningStyle = Automatic;
						TestTargetID = B07C378F1D937EBA00DAE562;
					};
					B07C37B31D937EBA00DAE562 = {
						CreatedOnToolsVersion = 8.0;
						DevelopmentTeam = M99GJD8799;
						ProvisioningStyle = Automatic;
						TestTargetID = B07C378F1D937EBA00DAE562;
					};
				};
			};
			buildConfigurationList = B07C378B1D937EBA00DAE562 /* Build configuration list for PBXProject "Runtime_Safe" */;
			compatibilityVersion = "Xcode 3.2";
			developmentRegion = English;
			hasScannedForEncodings = 0;
			knownRegions = (
				en,
				Base,
			);
			mainGroup = B07C37871D937EBA00DAE562;
			productRefGroup = B07C37911D937EBA00DAE562 /* Products */;
			projectDirPath = "";
			projectRoot = "";
			targets = (
				B07C378F1D937EBA00DAE562 /* Runtime_Safe */,
				B07C37A81D937EBA00DAE562 /* Runtime_SafeTests */,
				B07C37B31D937EBA00DAE562 /* Runtime_SafeUITests */,
			);
		};
/* End PBXProject section */

/* Begin PBXResourcesBuildPhase section */
		B07C378E1D937EBA00DAE562 /* Resources */ = {
			isa = PBXResourcesBuildPhase;
			buildActionMask = 2147483647;
			files = (
				B07C37A31D937EBA00DAE562 /* LaunchScreen.storyboard in Resources */,
				B07C37A01D937EBA00DAE562 /* Assets.xcassets in Resources */,
				B07C379E1D937EBA00DAE562 /* Main.storyboard in Resources */,
			);
			runOnlyForDeploymentPostprocessing = 0;
		};
		B07C37A71D937EBA00DAE562 /* Resources */ = {
			isa = PBXResourcesBuildPhase;
			buildActionMask = 2147483647;
			files = (
			);
			runOnlyForDeploymentPostprocessing = 0;
		};
		B07C37B21D937EBA00DAE562 /* Resources */ = {
			isa = PBXResourcesBuildPhase;
			buildActionMask = 2147483647;
			files = (
			);
			runOnlyForDeploymentPostprocessing = 0;
		};
/* End PBXResourcesBuildPhase section */

/* Begin PBXSourcesBuildPhase section */
		B07C378C1D937EBA00DAE562 /* Sources */ = {
			isa = PBXSourcesBuildPhase;
			buildActionMask = 2147483647;
			files = (
				B07C379B1D937EBA00DAE562 /* ViewController.m in Sources */,
				B07C37981D937EBA00DAE562 /* AppDelegate.m in Sources */,
				B07C37951D937EBA00DAE562 /* main.m in Sources */,
			);
			runOnlyForDeploymentPostprocessing = 0;
		};
		B07C37A51D937EBA00DAE562 /* Sources */ = {
			isa = PBXSourcesBuildPhase;
			buildActionMask = 2147483647;
			files = (
				B07C37AE1D937EBA00DAE562 /* Runtime_SafeTests.m in Sources */,
			);
			runOnlyForDeploymentPostprocessing = 0;
		};
		B07C37B01D937EBA00DAE562 /* Sources */ = {
			isa = PBXSourcesBuildPhase;
			buildActionMask = 2147483647;
			files = (
				B07C37B91D937EBA00DAE562 /* Runtime_SafeUITests.m in Sources */,
			);
			runOnlyForDeploymentPostprocessing = 0;
		};
/* End PBXSourcesBuildPhase section */

/* Begin PBXTargetDependency section */
		B07C37AB1D937EBA00DAE562 /* PBXTargetDependency */ = {
			isa = PBXTargetDependency;
			target = B07C378F1D937EBA00DAE562 /* Runtime_Safe */;
			targetProxy = B07C37AA1D937EBA00DAE562 /* PBXContainerItemProxy */;
		};
		B07C37B61D937EBA00DAE562 /* PBXTargetDependency */ = {
			isa = PBXTargetDependency;
			target = B07C378F1D937EBA00DAE562 /* Runtime_Safe */;
			targetProxy = B07C37B51D937EBA00DAE562 /* PBXContainerItemProxy */;
		};
/* End PBXTargetDependency section */

/* Begin PBXVariantGroup section */
		B07C379C1D937EBA00DAE562 /* Main.storyboard */ = {
			isa = PBXVariantGroup;
			children = (
				B07C379D1D937EBA00DAE562 /* Base */,
			);
			name = Main.storyboard;
			sourceTree = "<group>";
		};
		B07C37A11D937EBA00DAE562 /* LaunchScreen.storyboard */ = {
			isa = PBXVariantGroup;
			children = (
				B07C37A21D937EBA00DAE562 /* Base */,
			);
			name = LaunchScreen.storyboard;
			sourceTree = "<group>";
		};
/* End PBXVariantGroup section */

/* Begin XCBuildConfiguration section */
		B07C37BB1D937EBA00DAE562 /* Debug */ = {
			isa = XCBuildConfiguration;
			buildSettings = {
				ALWAYS_SEARCH_USER_PATHS = NO;
				CLANG_ANALYZER_NONNULL = YES;
				CLANG_CXX_LANGUAGE_STANDARD = "gnu++0x";
				CLANG_CXX_LIBRARY = "libc++";
				CLANG_ENABLE_MODULES = YES;
				CLANG_ENABLE_OBJC_ARC = YES;
				CLANG_WARN_BOOL_CONVERSION = YES;
				CLANG_WARN_CONSTANT_CONVERSION = YES;
				CLANG_WARN_DIRECT_OBJC_ISA_USAGE = YES_ERROR;
				CLANG_WARN_DOCUMENTATION_COMMENTS = YES;
				CLANG_WARN_EMPTY_BODY = YES;
				CLANG_WARN_ENUM_CONVERSION = YES;
				CLANG_WARN_INFINITE_RECURSION = YES;
				CLANG_WARN_INT_CONVERSION = YES;
				CLANG_WARN_OBJC_ROOT_CLASS = YES_ERROR;
				CLANG_WARN_SUSPICIOUS_MOVES = YES;
				CLANG_WARN_UNREACHABLE_CODE = YES;
				CLANG_WARN__DUPLICATE_METHOD_MATCH = YES;
				"CODE_SIGN_IDENTITY[sdk=iphoneos*]" = "iPhone Developer";
				COPY_PHASE_STRIP = NO;
				DEBUG_INFORMATION_FORMAT = dwarf;
				ENABLE_STRICT_OBJC_MSGSEND = YES;
				ENABLE_TESTABILITY = YES;
				GCC_C_LANGUAGE_STANDARD = gnu99;
				GCC_DYNAMIC_NO_PIC = NO;
				GCC_NO_COMMON_BLOCKS = YES;
				GCC_OPTIMIZATION_LEVEL = 0;
				GCC_PREPROCESSOR_DEFINITIONS = (
					"DEBUG=1",
					"$(inherited)",
				);
				GCC_WARN_64_TO_32_BIT_CONVERSION = YES;
				GCC_WARN_ABOUT_RETURN_TYPE = YES_ERROR;
				GCC_WARN_UNDECLARED_SELECTOR = YES;
				GCC_WARN_UNINITIALIZED_AUTOS = YES_AGGRESSIVE;
				GCC_WARN_UNUSED_FUNCTION = YES;
				GCC_WARN_UNUSED_VARIABLE = YES;
				IPHONEOS_DEPLOYMENT_TARGET = 10.0;
				MTL_ENABLE_DEBUG_INFO = YES;
				ONLY_ACTIVE_ARCH = YES;
				SDKROOT = iphoneos;
			};
			name = Debug;
		};
		B07C37BC1D937EBA00DAE562 /* Release */ = {
			isa = XCBuildConfiguration;
			buildSettings = {
				ALWAYS_SEARCH_USER_PATHS = NO;
				CLANG_ANALYZER_NONNULL = YES;
				CLANG_CXX_LANGUAGE_STANDARD = "gnu++0x";
				CLANG_CXX_LIBRARY = "libc++";
				CLANG_ENABLE_MODULES = YES;
				CLANG_ENABLE_OBJC_ARC = YES;
				CLANG_WARN_BOOL_CONVERSION = YES;
				CLANG_WARN_CONSTANT_CONVERSION = YES;
				CLANG_WARN_DIRECT_OBJC_ISA_USAGE = YES_ERROR;
				CLANG_WARN_DOCUMENTATION_COMMENTS = YES;
				CLANG_WARN_EMPTY_BODY = YES;
				CLANG_WARN_ENUM_CONVERSION = YES;
				CLANG_WARN_INFINITE_RECURSION = YES;
				CLANG_WARN_INT_CONVERSION = YES;
				CLANG_WARN_OBJC_ROOT_CLASS = YES_ERROR;
				CLANG_WARN_SUSPICIOUS_MOVES = YES;
				CLANG_WARN_UNREACHABLE_CODE = YES;
				CLANG_WARN__DUPLICATE_METHOD_MATCH = YES;
				"CODE_SIGN_IDENTITY[sdk=iphoneos*]" = "iPhone Developer";
				COPY_PHASE_STRIP = NO;
				DEBUG_INFORMATION_FORMAT = "dwarf-with-dsym";
				ENABLE_NS_ASSERTIONS = NO;
				ENABLE_STRICT_OBJC_MSGSEND = YES;
				GCC_C_LANGUAGE_STANDARD = gnu99;
				GCC_NO_COMMON_BLOCKS = YES;
				GCC_WARN_64_TO_32_BIT_CONVERSION = YES;
				GCC_WARN_ABOUT_RETURN_TYPE = YES_ERROR;
				GCC_WARN_UNDECLARED_SELECTOR = YES;
				GCC_WARN_UNINITIALIZED_AUTOS = YES_AGGRESSIVE;
				GCC_WARN_UNUSED_FUNCTION = YES;
				GCC_WARN_UNUSED_VARIABLE = YES;
				IPHONEOS_DEPLOYMENT_TARGET = 10.0;
				MTL_ENABLE_DEBUG_INFO = NO;
				SDKROOT = iphoneos;
				VALIDATE_PRODUCT = YES;
			};
			name = Release;
		};
		B07C37BE1D937EBA00DAE562 /* Debug */ = {
			isa = XCBuildConfiguration;
			buildSettings = {
				ASSETCATALOG_COMPILER_APPICON_NAME = AppIcon;
				DEVELOPMENT_TEAM = M99GJD8799;
				INFOPLIST_FILE = Runtime_Safe/Info.plist;
				LD_RUNPATH_SEARCH_PATHS = "$(inherited) @executable_path/Frameworks";
				PRODUCT_BUNDLE_IDENTIFIER = "QQ-744245104.Runtime-Safe";
				PRODUCT_NAME = "$(TARGET_NAME)";
			};
			name = Debug;
		};
		B07C37BF1D937EBA00DAE562 /* Release */ = {
			isa = XCBuildConfiguration;
			buildSettings = {
				ASSETCATALOG_COMPILER_APPICON_NAME = AppIcon;
				DEVELOPMENT_TEAM = M99GJD8799;
				INFOPLIST_FILE = Runtime_Safe/Info.plist;
				LD_RUNPATH_SEARCH_PATHS = "$(inherited) @executable_path/Frameworks";
				PRODUCT_BUNDLE_IDENTIFIER = "QQ-744245104.Runtime-Safe";
				PRODUCT_NAME = "$(TARGET_NAME)";
			};
			name = Release;
		};
		B07C37C11D937EBA00DAE562 /* Debug */ = {
			isa = XCBuildConfiguration;
			buildSettings = {
				BUNDLE_LOADER = "$(TEST_HOST)";
				DEVELOPMENT_TEAM = M99GJD8799;
				INFOPLIST_FILE = Runtime_SafeTests/Info.plist;
				LD_RUNPATH_SEARCH_PATHS = "$(inherited) @executable_path/Frameworks @loader_path/Frameworks";
				PRODUCT_BUNDLE_IDENTIFIER = "QQ-744245104.Runtime-SafeTests";
				PRODUCT_NAME = "$(TARGET_NAME)";
				TEST_HOST = "$(BUILT_PRODUCTS_DIR)/Runtime_Safe.app/Runtime_Safe";
			};
			name = Debug;
		};
		B07C37C21D937EBA00DAE562 /* Release */ = {
			isa = XCBuildConfiguration;
			buildSettings = {
				BUNDLE_LOADER = "$(TEST_HOST)";
				DEVELOPMENT_TEAM = M99GJD8799;
				INFOPLIST_FILE = Runtime_SafeTests/Info.plist;
				LD_RUNPATH_SEARCH_PATHS = "$(inherited) @executable_path/Frameworks @loader_path/Frameworks";
				PRODUCT_BUNDLE_IDENTIFIER = "QQ-744245104.Runtime-SafeTests";
				PRODUCT_NAME = "$(TARGET_NAME)";
				TEST_HOST = "$(BUILT_PRODUCTS_DIR)/Runtime_Safe.app/Runtime_Safe";
			};
			name = Release;
		};
		B07C37C41D937EBA00DAE562 /* Debug */ = {
			isa = XCBuildConfiguration;
			buildSettings = {
				DEVELOPMENT_TEAM = M99GJD8799;
				INFOPLIST_FILE = Runtime_SafeUITests/Info.plist;
				LD_RUNPATH_SEARCH_PATHS = "$(inherited) @executable_path/Frameworks @loader_path/Frameworks";
				PRODUCT_BUNDLE_IDENTIFIER = "QQ-744245104.Runtime-SafeUITests";
				PRODUCT_NAME = "$(TARGET_NAME)";
				TEST_TARGET_NAME = Runtime_Safe;
			};
			name = Debug;
		};
		B07C37C51D937EBA00DAE562 /* Release */ = {
			isa = XCBuildConfiguration;
			buildSettings = {
				DEVELOPMENT_TEAM = M99GJD8799;
				INFOPLIST_FILE = Runtime_SafeUITests/Info.plist;
				LD_RUNPATH_SEARCH_PATHS = "$(inherited) @executable_path/Frameworks @loader_path/Frameworks";
				PRODUCT_BUNDLE_IDENTIFIER = "QQ-744245104.Runtime-SafeUITests";
				PRODUCT_NAME = "$(TARGET_NAME)";
				TEST_TARGET_NAME = Runtime_Safe;
			};
			name = Release;
		};
/* End XCBuildConfiguration section */

/* Begin XCConfigurationList section */
		B07C378B1D937EBA00DAE562 /* Build configuration list for PBXProject "Runtime_Safe" */ = {
			isa = XCConfigurationList;
			buildConfigurations = (
				B07C37BB1D937EBA00DAE562 /* Debug */,
				B07C37BC1D937EBA00DAE562 /* Release */,
			);
			defaultConfigurationIsVisible = 0;
			defaultConfigurationName = Release;
		};
		B07C37BD1D937EBA00DAE562 /* Build configuration list for PBXNativeTarget "Runtime_Safe" */ = {
			isa = XCConfigurationList;
			buildConfigurations = (
				B07C37BE1D937EBA00DAE562 /* Debug */,
				B07C37BF1D937EBA00DAE562 /* Release */,
			);
			defaultConfigurationIsVisible = 0;
		};
		B07C37C01D937EBA00DAE562 /* Build configuration list for PBXNativeTarget "Runtime_SafeTests" */ = {
			isa = XCConfigurationList;
			buildConfigurations = (
				B07C37C11D937EBA00DAE562 /* Debug */,
				B07C37C21D937EBA00DAE562 /* Release */,
			);
			defaultConfigurationIsVisible = 0;
		};
		B07C37C31D937EBA00DAE562 /* Build configuration list for PBXNativeTarget "Runtime_SafeUITests" */ = {
			isa = XCConfigurationList;
			buildConfigurations = (
				B07C37C41D937EBA00DAE562 /* Debug */,
				B07C37C51D937EBA00DAE562 /* Release */,
			);
			defaultConfigurationIsVisible = 0;
		};
/* End XCConfigurationList section */
	};
	rootObject = B07C37881D937EBA00DAE562 /* Project object */;
}
